
Microsoft Visual Studio Solution File, Format Version 12.00
# Visual Studio Version 17
VisualStudioVersion = 17.8.34330.188
MinimumVisualStudioVersion = 10.0.40219.1
Project("{FAE04EC0-301F-11D3-BF4B-00C04F79EFBC}") = "01. Students", "01. Students\01. Students.csproj", "{B5B9D091-EA61-469C-840B-B750F21EF889}"
EndProject
Project("{FAE04EC0-301F-11D3-BF4B-00C04F79EFBC}") = "02. Articles", "02. Articles\02. Articles.csproj", "{FB1B5009-A741-40F5-8C5A-BDA92717DFE3}"
EndProject
Project("{FAE04EC0-301F-11D3-BF4B-00C04F79EFBC}") = "03. Teamwork Projects", "03. Teamwork Projects\03. Teamwork Projects.csproj", "{3F8DEA72-7A6B-4FD1-8A51-5B28C8CE7388}"
EndProject
Global
	GlobalSection(SolutionConfigurationPlatforms) = preSolution
		Debug|Any CPU = Debug|Any CPU
		Release|Any CPU = Release|Any CPU
	EndGlobalSection
	GlobalSection(ProjectConfigurationPlatforms) = postSolution
		{B5B9D091-EA61-469C-840B-B750F21EF889}.Debug|Any CPU.ActiveCfg = Debug|Any CPU
		{B5B9D091-EA61-469C-840B-B750F21EF889}.Debug|Any CPU.Build.0 = Debug|Any CPU
		{B5B9D091-EA61-469C-840B-B750F21EF889}.Release|Any CPU.ActiveCfg = Release|Any CPU
		{B5B9D091-EA61-469C-840B-B750F21EF889}.Release|Any CPU.Build.0 = Release|Any CPU
		{FB1B5009-A741-40F5-8C5A-BDA92717DFE3}.Debug|Any CPU.ActiveCfg = Debug|Any CPU
		{FB1B5009-A741-40F5-8C5A-BDA92717DFE3}.Debug|Any CPU.Build.0 = Debug|Any CPU
		{FB1B5009-A741-40F5-8C5A-BDA92717DFE3}.Release|Any CPU.ActiveCfg = Release|Any CPU
		{FB1B5009-A741-40F5-8C5A-BDA92717DFE3}.Release|Any CPU.Build.0 = Release|Any CPU
		{3F8DEA72-7A6B-4FD1-8A51-5B28C8CE7388}.Debug|Any CPU.ActiveCfg = Debug|Any CPU
		{3F8DEA72-7A6B-4FD1-8A51-5B28C8CE7388}.Debug|Any CPU.Build.0 = Debug|Any CPU
		{3F8DEA72-7A6B-4FD1-8A51-5B28C8CE7388}.Release|Any CPU.ActiveCfg = Release|Any CPU
		{3F8DEA72-7A6B-4FD1-8A51-5B28C8CE7388}.Release|Any CPU.Build.0 = Release|Any CPU
	EndGlobalSection
	GlobalSection(SolutionProperties) = preSolution
		HideSolutionNode = FALSE
	EndGlobalSection
	GlobalSection(ExtensibilityGlobals) = postSolution
		SolutionGuid = {F7844FD0-400F-4170-BCB3-971DA63C7946}
	EndGlobalSection
EndGlobal
